Microsoft Visual Studio Solution File, Format Version 12.00
# Visual Studio Version 16
VisualStudioVersion = 16.0.30330.147
MinimumVisualStudioVersion = 10.0.40219.1
Project("{9A19103F-16F7-4668-BE54-9A1E7A4F7556}") = "Original", "Original\Original.csproj", "{DF723FAE-320E-4E52-BD56-DB949691EF48}"
EndProject
Project("{2150E333-8FDC-42A3-9474-1A3956D46DE8}") = "Nxt", "Nxt", "{3AD5B808-2338-4457-B0BE-DE1C570B287E}"
EndProject
Project("{9A19103F-16F7-4668-BE54-9A1E7A4F7556}") = "SmaliLib", "SmaliLib\SmaliLib.csproj", "{232AFB26-D78F-4D5C-9E17-CD80E177AC3B}"
EndProject
Project("{9A19103F-16F7-4668-BE54-9A1E7A4F7556}") = "SmaliPatcherMin", "SmaliPatcherMin\SmaliPatcherMin.csproj", "{75FE1780-1E32-4BAB-B917-8CF924CEE019}"
EndProject
Project("{FAE04EC0-301F-11D3-BF4B-00C04F79EFBC}") = "SmaliPatcher", "SmaliPatcher\SmaliPatcher.csproj", "{9020BF22-02A4-4D8B-A436-AB2DBEBF1177}"
EndProject
Global
	GlobalSection(SolutionConfigurationPlatforms) = preSolution
		Debug|Any CPU = Debug|Any CPU
		Release|Any CPU = Release|Any CPU
	EndGlobalSection
	GlobalSection(ProjectConfigurationPlatforms) = postSolution
		{DF723FAE-320E-4E52-BD56-DB949691EF48}.Debug|Any CPU.ActiveCfg = Debug|Any CPU
		{DF723FAE-320E-4E52-BD56-DB949691EF48}.Debug|Any CPU.Build.0 = Debug|Any CPU
		{DF723FAE-320E-4E52-BD56-DB949691EF48}.Release|Any CPU.ActiveCfg = Release|Any CPU
		{DF723FAE-320E-4E52-BD56-DB949691EF48}.Release|Any CPU.Build.0 = Release|Any CPU
		{232AFB26-D78F-4D5C-9E17-CD80E177AC3B}.Debug|Any CPU.ActiveCfg = Debug|Any CPU
		{232AFB26-D78F-4D5C-9E17-CD80E177AC3B}.Debug|Any CPU.Build.0 = Debug|Any CPU
		{232AFB26-D78F-4D5C-9E17-CD80E177AC3B}.Release|Any CPU.ActiveCfg = Release|Any CPU
		{232AFB26-D78F-4D5C-9E17-CD80E177AC3B}.Release|Any CPU.Build.0 = Release|Any CPU
		{75FE1780-1E32-4BAB-B917-8CF924CEE019}.Debug|Any CPU.ActiveCfg = Debug|Any CPU
		{75FE1780-1E32-4BAB-B917-8CF924CEE019}.Debug|Any CPU.Build.0 = Debug|Any CPU
		{75FE1780-1E32-4BAB-B917-8CF924CEE019}.Release|Any CPU.ActiveCfg = Release|Any CPU
		{75FE1780-1E32-4BAB-B917-8CF924CEE019}.Release|Any CPU.Build.0 = Release|Any CPU
		{9020BF22-02A4-4D8B-A436-AB2DBEBF1177}.Debug|Any CPU.ActiveCfg = Debug|Any CPU
		{9020BF22-02A4-4D8B-A436-AB2DBEBF1177}.Debug|Any CPU.Build.0 = Debug|Any CPU
		{9020BF22-02A4-4D8B-A436-AB2DBEBF1177}.Release|Any CPU.ActiveCfg = Release|Any CPU
		{9020BF22-02A4-4D8B-A436-AB2DBEBF1177}.Release|Any CPU.Build.0 = Release|Any CPU
	EndGlobalSection
	GlobalSection(SolutionProperties) = preSolution
		HideSolutionNode = FALSE
	EndGlobalSection
	GlobalSection(NestedProjects) = preSolution
		{232AFB26-D78F-4D5C-9E17-CD80E177AC3B} = {3AD5B808-2338-4457-B0BE-DE1C570B287E}
		{75FE1780-1E32-4BAB-B917-8CF924CEE019} = {3AD5B808-2338-4457-B0BE-DE1C570B287E}
		{9020BF22-02A4-4D8B-A436-AB2DBEBF1177} = {3AD5B808-2338-4457-B0BE-DE1C570B287E}
	EndGlobalSection
	GlobalSection(ExtensibilityGlobals) = postSolution
		SolutionGuid = {2E500A21-7082-4498-948B-87DC49CC904A}
	EndGlobalSection
EndGlobal
